{
  "nodes": {
    "deploy-rs": {
      "inputs": {
        "flake-compat": "flake-compat",
        "nixpkgs": [
          "nixpkgs"
        ],
        "utils": "utils"
      },
      "locked": {
        "lastModified": 1766051518,
        "narHash": "sha256-znKOwPXQnt3o7lDb3hdf19oDo0BLP4MfBOYiWkEHoik=",
        "owner": "serokell",
        "repo": "deploy-rs",
        "rev": "d5eff7f948535b9c723d60cd8239f8f11ddc90fa",
        "type": "github"
      },
      "original": {
        "owner": "serokell",
        "repo": "deploy-rs",
        "type": "github"
      }
    },
    "flake-compat": {
      "flake": false,
      "locked": {
        "lastModified": 1733328505,
        "narHash": "sha256-NeCCThCEP3eCl2l/+27kNNK7QrwZB1IJCrXfrbv5oqU=",
        "owner": "edolstra",
        "repo": "flake-compat",
        "rev": "ff81ac966bb2cae68946d5ed5fc4994f96d0ffec",
        "type": "github"
      },
      "original": {
        "owner": "edolstra",
        "repo": "flake-compat",
        "type": "github"
      }
    },
    "flake-compat_2": {
      "flake": false,
      "locked": {
        "lastModified": 1761588595,
        "narHash": "sha256-XKUZz9zewJNUj46b4AJdiRZJAvSZ0Dqj2BNfXvFlJC4=",
        "owner": "edolstra",
        "repo": "flake-compat",
        "rev": "f387cd2afec9419c8ee37694406ca490c3f34ee5",
        "type": "github"
      },
      "original": {
        "owner": "edolstra",
        "repo": "flake-compat",
        "type": "github"
      }
    },
    "flake-compat_3": {
      "locked": {
        "lastModified": 1747046372,
        "narHash": "sha256-CIVLLkVgvHYbgI2UpXvIIBJ12HWgX+fjA8Xf8PUmqCY=",
        "owner": "edolstra",
        "repo": "flake-compat",
        "rev": "9100a0f413b0c601e0533d1d94ffd501ce2e7885",
        "type": "github"
      },
      "original": {
        "owner": "edolstra",
        "repo": "flake-compat",
        "type": "github"
      }
    },
    "flake-parts": {
      "inputs": {
        "nixpkgs-lib": [
          "nixpkgs"
        ]
      },
      "locked": {
        "lastModified": 1768135262,
        "narHash": "sha256-PVvu7OqHBGWN16zSi6tEmPwwHQ4rLPU9Plvs8/1TUBY=",
        "owner": "hercules-ci",
        "repo": "flake-parts",
        "rev": "80daad04eddbbf5a4d883996a73f3f542fa437ac",
        "type": "github"
      },
      "original": {
        "owner": "hercules-ci",
        "repo": "flake-parts",
        "type": "github"
      }
    },
    "flake-parts_2": {
      "inputs": {
        "nixpkgs-lib": "nixpkgs-lib"
      },
      "locked": {
        "lastModified": 1759362264,
        "narHash": "sha256-wfG0S7pltlYyZTM+qqlhJ7GMw2fTF4mLKCIVhLii/4M=",
        "owner": "hercules-ci",
        "repo": "flake-parts",
        "rev": "758cf7296bee11f1706a574c77d072b8a7baa881",
        "type": "github"
      },
      "original": {
        "owner": "hercules-ci",
        "repo": "flake-parts",
        "type": "github"
      }
    },
    "flake-utils": {
      "inputs": {
        "systems": "systems_2"
      },
      "locked": {
        "lastModified": 1731533236,
        "narHash": "sha256-l0KFg5HjrsfsO/JpG+r7fRrqm12kzFHyUHqHCVpMMbI=",
        "owner": "numtide",
        "repo": "flake-utils",
        "rev": "11707dc2f618dd54ca8739b309ec4fc024de578b",
        "type": "github"
      },
      "original": {
        "owner": "numtide",
        "repo": "flake-utils",
        "type": "github"
      }
    },
    "ghostty": {
      "inputs": {
        "flake-compat": "flake-compat_2",
        "flake-utils": "flake-utils",
        "home-manager": "home-manager",
        "nixpkgs": [
          "nixpkgs"
        ],
        "zig": "zig",
        "zon2nix": "zon2nix"
      },
      "locked": {
        "lastModified": 1768395231,
        "narHash": "sha256-AGXpf6FsuytoH53U14QeuFQfAqa7LhdFV80bCyFQi+o=",
        "owner": "pluiedev",
        "repo": "ghostty",
        "rev": "5ff99ba9a07650a81f25517ac202e668cde09361",
        "type": "github"
      },
      "original": {
        "owner": "pluiedev",
        "ref": "edge",
        "repo": "ghostty",
        "type": "github"
      }
    },
    "hjem": {
      "inputs": {
        "ndg": "ndg",
        "nixpkgs": [
          "nixpkgs"
        ],
        "smfh": "smfh"
      },
      "locked": {
        "lastModified": 1760326366,
        "narHash": "sha256-Bd24qNFes9rKU0wKm2x2H91OWyWaFVpuQ7ym92yplH0=",
        "owner": "feel-co",
        "repo": "hjem",
        "rev": "a1e391395fee2f2ddbb8e9efd5da68cf60406835",
        "type": "github"
      },
      "original": {
        "owner": "feel-co",
        "repo": "hjem",
        "rev": "a1e391395fee2f2ddbb8e9efd5da68cf60406835",
        "type": "github"
      }
    },
    "hjem-rum": {
      "inputs": {
        "hjem": "hjem_2",
        "ndg": "ndg_2",
        "nixpkgs": [
          "nixpkgs"
        ],
        "treefmt-nix": "treefmt-nix"
      },
      "locked": {
        "lastModified": 1766394058,
        "narHash": "sha256-P+59TbVusYqdx2Jt2liwvQ+hslUzU6M1ezRDy6c66Tc=",
        "owner": "snugnug",
        "repo": "hjem-rum",
        "rev": "edac54b7d57ad72cc4b124da2f44e7b2e584f3c6",
        "type": "github"
      },
      "original": {
        "owner": "snugnug",
        "repo": "hjem-rum",
        "type": "github"
      }
    },
    "hjem_2": {
      "inputs": {
        "nixpkgs": [
          "hjem-rum",
          "nixpkgs"
        ],
        "smfh": "smfh_2"
      },
      "locked": {
        "lastModified": 1756255328,
        "narHash": "sha256-WJ70Dv+tJjIl7mMOqUgcdcz+RrujDRoeKptiU6oh1lI=",
        "owner": "feel-co",
        "repo": "hjem",
        "rev": "2426d6ad20e767895e936ed0c9563cc4e2b6c96f",
        "type": "github"
      },
      "original": {
        "owner": "feel-co",
        "repo": "hjem",
        "type": "github"
      }
    },
    "home-manager": {
      "inputs": {
        "nixpkgs": [
          "ghostty",
          "nixpkgs"
        ]
      },
      "locked": {
        "lastModified": 1768068402,
        "narHash": "sha256-bAXnnJZKJiF7Xr6eNW6+PhBf1lg2P1aFUO9+xgWkXfA=",
        "owner": "nix-community",
        "repo": "home-manager",
        "rev": "8bc5473b6bc2b6e1529a9c4040411e1199c43b4c",
        "type": "github"
      },
      "original": {
        "owner": "nix-community",
        "repo": "home-manager",
        "type": "github"
      }
    },
    "ndg": {
      "inputs": {
        "flake-compat": "flake-compat_3",
        "flake-parts": "flake-parts_2",
        "nixpkgs": [
          "hjem",
          "nixpkgs"
        ]
      },
      "locked": {
        "lastModified": 1760102695,
        "narHash": "sha256-DyamtLt6KW/qkNs/kMnF/E+xlf6iFBMMF3m54boTHeY=",
        "owner": "feel-co",
        "repo": "ndg",
        "rev": "6319eb4afa6fd42be5c8c9ed012e95e3f32c16eb",
        "type": "github"
      },
      "original": {
        "owner": "feel-co",
        "repo": "ndg",
        "type": "github"
      }
    },
    "ndg_2": {
      "inputs": {
        "nixpkgs": "nixpkgs"
      },
      "locked": {
        "lastModified": 1766342086,
        "narHash": "sha256-vKuCSU8BCUxG8S2/EyOXrCbIQjmY07Jb5Cq3ehnLsnY=",
        "owner": "feel-co",
        "repo": "ndg",
        "rev": "696647a8f0ea1451c02de21b6bdf2a2c9f238d85",
        "type": "github"
      },
      "original": {
        "owner": "feel-co",
        "ref": "v2.5.1",
        "repo": "ndg",
        "type": "github"
      }
    },
    "nix-index-database": {
      "inputs": {
        "nixpkgs": [
          "nixpkgs"
        ]
      },
      "locked": {
        "lastModified": 1765267181,
        "narHash": "sha256-d3NBA9zEtBu2JFMnTBqWj7Tmi7R5OikoU2ycrdhQEws=",
        "owner": "nix-community",
        "repo": "nix-index-database",
        "rev": "82befcf7dc77c909b0f2a09f5da910ec95c5b78f",
        "type": "github"
      },
      "original": {
        "owner": "nix-community",
        "repo": "nix-index-database",
        "type": "github"
      }
    },
    "nixlib": {
      "locked": {
        "lastModified": 1736643958,
        "narHash": "sha256-tmpqTSWVRJVhpvfSN9KXBvKEXplrwKnSZNAoNPf/S/s=",
        "owner": "nix-community",
        "repo": "nixpkgs.lib",
        "rev": "1418bc28a52126761c02dd3d89b2d8ca0f521181",
        "type": "github"
      },
      "original": {
        "owner": "nix-community",
        "repo": "nixpkgs.lib",
        "type": "github"
      }
    },
    "nixos-generators": {
      "inputs": {
        "nixlib": "nixlib",
        "nixpkgs": [
          "nixpkgs"
        ]
      },
      "locked": {
        "lastModified": 1764234087,
        "narHash": "sha256-NHF7QWa0ZPT8hsJrvijREW3+nifmF2rTXgS2v0tpcEA=",
        "owner": "nix-community",
        "repo": "nixos-generators",
        "rev": "032a1878682fafe829edfcf5fdfad635a2efe748",
        "type": "github"
      },
      "original": {
        "owner": "nix-community",
        "repo": "nixos-generators",
        "type": "github"
      }
    },
    "nixos-hardware": {
      "locked": {
        "lastModified": 1751999883,
        "narHash": "sha256-mR5G2QgopCtDoK4YTfi8T/up/hl0BB66MRbHCbGqPlQ=",
        "owner": "pluiedev",
        "repo": "nixos-hardware",
        "rev": "065bae1c89e159892b491500fab4cf6eee31e91d",
        "type": "github"
      },
      "original": {
        "owner": "pluiedev",
        "ref": "pluie/jj-nsvpsuspltqm",
        "repo": "nixos-hardware",
        "type": "github"
      }
    },
    "nixpkgs": {
      "locked": {
        "lastModified": 1766070988,
        "narHash": "sha256-G/WVghka6c4bAzMhTwT2vjLccg/awmHkdKSd2JrycLc=",
        "owner": "NixOS",
        "repo": "nixpkgs",
        "rev": "c6245e83d836d0433170a16eb185cefe0572f8b8",
        "type": "github"
      },
      "original": {
        "owner": "NixOS",
        "ref": "nixos-unstable",
        "repo": "nixpkgs",
        "type": "github"
      }
    },
    "nixpkgs-lib": {
      "locked": {
        "lastModified": 1754788789,
        "narHash": "sha256-x2rJ+Ovzq0sCMpgfgGaaqgBSwY+LST+WbZ6TytnT9Rk=",
        "owner": "nix-community",
        "repo": "nixpkgs.lib",
        "rev": "a73b9c743612e4244d865a2fdee11865283c04e6",
        "type": "github"
      },
      "original": {
        "owner": "nix-community",
        "repo": "nixpkgs.lib",
        "type": "github"
      }
    },
    "nixpkgs_2": {
      "locked": {
        "lastModified": 1768127708,
        "narHash": "sha256-caCMFMAeeiexMCYzSb8okUJWy7uAoxAczPjrQkaFCqo=",
        "rev": "ffbc9f8cbaacfb331b6017d5a5abb21a492c9a38",
        "type": "tarball",
        "url": "https://releases.nixos.org/nixos/unstable/nixos-26.05pre925861.ffbc9f8cbaac/nixexprs.tar.xz"
      },
      "original": {
        "type": "tarball",
        "url": "https://channels.nixos.org/nixos-unstable/nixexprs.tar.xz"
      }
    },
    "root": {
      "inputs": {
        "deploy-rs": "deploy-rs",
        "flake-parts": "flake-parts",
        "ghostty": "ghostty",
        "hjem": "hjem",
        "hjem-rum": "hjem-rum",
        "nix-index-database": "nix-index-database",
        "nixos-generators": "nixos-generators",
        "nixos-hardware": "nixos-hardware",
        "nixpkgs": "nixpkgs_2"
      }
    },
    "rust-overlay": {
      "inputs": {
        "nixpkgs": [
          "hjem",
          "smfh",
          "nixpkgs"
        ]
      },
      "locked": {
        "lastModified": 1759113356,
        "narHash": "sha256-xm4kEUcV2jk6u15aHazFP4YsMwhq+PczA+Ul/4FDKWI=",
        "owner": "oxalica",
        "repo": "rust-overlay",
        "rev": "be3b8843a2be2411500f6c052876119485e957a2",
        "type": "github"
      },
      "original": {
        "owner": "oxalica",
        "repo": "rust-overlay",
        "type": "github"
      }
    },
    "rust-overlay_2": {
      "inputs": {
        "nixpkgs": [
          "hjem-rum",
          "hjem",
          "smfh",
          "nixpkgs"
        ]
      },
      "locked": {
        "lastModified": 1747622321,
        "narHash": "sha256-W0dYIWgsUu6rvOJRtKLhKskkv0VhQhJYGNIq+gGUc8g=",
        "owner": "oxalica",
        "repo": "rust-overlay",
        "rev": "bd030fd9983f7fddf87be1c64aa3064c8afa24c4",
        "type": "github"
      },
      "original": {
        "owner": "oxalica",
        "repo": "rust-overlay",
        "type": "github"
      }
    },
    "smfh": {
      "inputs": {
        "nixpkgs": [
          "hjem",
          "nixpkgs"
        ],
        "rust-overlay": "rust-overlay",
        "systems": "systems_3"
      },
      "locked": {
        "lastModified": 1759458325,
        "narHash": "sha256-NY9sQlRPVVY7JWcZHtrK0T0RlH676NhaqR7Lco+FhTQ=",
        "owner": "feel-co",
        "repo": "smfh",
        "rev": "c29b22c328d6b03acaa6b879bf7f3c8ff82ca2d3",
        "type": "github"
      },
      "original": {
        "owner": "feel-co",
        "repo": "smfh",
        "type": "github"
      }
    },
    "smfh_2": {
      "inputs": {
        "nixpkgs": [
          "hjem-rum",
          "hjem",
          "nixpkgs"
        ],
        "rust-overlay": "rust-overlay_2",
        "systems": "systems_4"
      },
      "locked": {
        "lastModified": 1749906619,
        "narHash": "sha256-/9Ww10kYopxfCNNnNDwENTubs7Wzqlw+O6PJAHNOYQw=",
        "owner": "feel-co",
        "repo": "smfh",
        "rev": "39f5c06153f63100376bc607b1465850b6df77fd",
        "type": "github"
      },
      "original": {
        "owner": "feel-co",
        "repo": "smfh",
        "type": "github"
      }
    },
    "systems": {
      "locked": {
        "lastModified": 1681028828,
        "narHash": "sha256-Vy1rq5AaRuLzOxct8nz4T6wlgyUR7zLU309k9mBC768=",
        "owner": "nix-systems",
        "repo": "default",
        "rev": "da67096a3b9bf56a91d16901293e51ba5b49a27e",
        "type": "github"
      },
      "original": {
        "owner": "nix-systems",
        "repo": "default",
        "type": "github"
      }
    },
    "systems_2": {
      "locked": {
        "lastModified": 1681028828,
        "narHash": "sha256-Vy1rq5AaRuLzOxct8nz4T6wlgyUR7zLU309k9mBC768=",
        "owner": "nix-systems",
        "repo": "default",
        "rev": "da67096a3b9bf56a91d16901293e51ba5b49a27e",
        "type": "github"
      },
      "original": {
        "owner": "nix-systems",
        "repo": "default",
        "type": "github"
      }
    },
    "systems_3": {
      "locked": {
        "lastModified": 1681028828,
        "narHash": "sha256-Vy1rq5AaRuLzOxct8nz4T6wlgyUR7zLU309k9mBC768=",
        "owner": "nix-systems",
        "repo": "default",
        "rev": "da67096a3b9bf56a91d16901293e51ba5b49a27e",
        "type": "github"
      },
      "original": {
        "owner": "nix-systems",
        "repo": "default",
        "type": "github"
      }
    },
    "systems_4": {
      "locked": {
        "lastModified": 1681028828,
        "narHash": "sha256-Vy1rq5AaRuLzOxct8nz4T6wlgyUR7zLU309k9mBC768=",
        "owner": "nix-systems",
        "repo": "default",
        "rev": "da67096a3b9bf56a91d16901293e51ba5b49a27e",
        "type": "github"
      },
      "original": {
        "owner": "nix-systems",
        "repo": "default",
        "type": "github"
      }
    },
    "treefmt-nix": {
      "inputs": {
        "nixpkgs": [
          "hjem-rum",
          "nixpkgs"
        ]
      },
      "locked": {
        "lastModified": 1746216483,
        "narHash": "sha256-4h3s1L/kKqt3gMDcVfN8/4v2jqHrgLIe4qok4ApH5x4=",
        "owner": "numtide",
        "repo": "treefmt-nix",
        "rev": "29ec5026372e0dec56f890e50dbe4f45930320fd",
        "type": "github"
      },
      "original": {
        "owner": "numtide",
        "repo": "treefmt-nix",
        "type": "github"
      }
    },
    "utils": {
      "inputs": {
        "systems": "systems"
      },
      "locked": {
        "lastModified": 1731533236,
        "narHash": "sha256-l0KFg5HjrsfsO/JpG+r7fRrqm12kzFHyUHqHCVpMMbI=",
        "owner": "numtide",
        "repo": "flake-utils",
        "rev": "11707dc2f618dd54ca8739b309ec4fc024de578b",
        "type": "github"
      },
      "original": {
        "owner": "numtide",
        "repo": "flake-utils",
        "type": "github"
      }
    },
    "zig": {
      "inputs": {
        "flake-compat": [
          "ghostty",
          "flake-compat"
        ],
        "flake-utils": [
          "ghostty",
          "flake-utils"
        ],
        "nixpkgs": [
          "ghostty",
          "nixpkgs"
        ]
      },
      "locked": {
        "lastModified": 1763295135,
        "narHash": "sha256-sGv/NHCmEnJivguGwB5w8LRmVqr1P72OjS+NzcJsssE=",
        "owner": "mitchellh",
        "repo": "zig-overlay",
        "rev": "64f8b42cfc615b2cf99144adf2b7728c7847c72a",
        "type": "github"
      },
      "original": {
        "owner": "mitchellh",
        "repo": "zig-overlay",
        "type": "github"
      }
    },
    "zon2nix": {
      "inputs": {
        "nixpkgs": [
          "ghostty",
          "nixpkgs"
        ]
      },
      "locked": {
        "lastModified": 1768231828,
        "narHash": "sha256-wL/8Iij4T2OLkhHcc4NieOjf7YeJffaUYbCiCqKv/+0=",
        "owner": "jcollie",
        "repo": "zon2nix",
        "rev": "c28e93f3ba133d4c1b1d65224e2eebede61fd071",
        "type": "github"
      },
      "original": {
        "owner": "jcollie",
        "repo": "zon2nix",
        "rev": "c28e93f3ba133d4c1b1d65224e2eebede61fd071",
        "type": "github"
      }
    }
  },
  "root": "root",
  "version": 7
}
