{
  "nodes": {
    "agenix": {
      "inputs": {
        "darwin": "darwin",
        "home-manager": "home-manager_2",
        "nixpkgs": [
          "ragenix",
          "nixpkgs"
        ],
        "systems": "systems"
      },
      "locked": {
        "lastModified": 1707830867,
        "narHash": "sha256-PAdwm5QqdlwIqGrfzzvzZubM+FXtilekQ/FA0cI49/o=",
        "owner": "ryantm",
        "repo": "agenix",
        "rev": "8cb01a0e717311680e0cbca06a76cbceba6f3ed6",
        "type": "github"
      },
      "original": {
        "owner": "ryantm",
        "repo": "agenix",
        "type": "github"
      }
    },
    "blender-bin": {
      "inputs": {
        "nixpkgs": [
          "nixpkgs"
        ]
      },
      "locked": {
        "dir": "blender",
        "lastModified": 1711978246,
        "narHash": "sha256-2dQwed69pIoVvRM/NFdXwLawmTHmo4OVGsRbNSVbUPg=",
        "owner": "edolstra",
        "repo": "nix-warez",
        "rev": "9f680f5c471dce3b387327a6cacae532ab9e7cb0",
        "type": "github"
      },
      "original": {
        "id": "blender-bin",
        "type": "indirect"
      }
    },
    "catppuccin": {
      "locked": {
        "lastModified": 1712890104,
        "narHash": "sha256-56RS7wdJ2QDUNCQt/9lx8MFcwuTdVQnzBV+9QToLLmM=",
        "owner": "catppuccin",
        "repo": "nix",
        "rev": "850c26a3a2474b0d068abc89c905f536cca415de",
        "type": "github"
      },
      "original": {
        "owner": "catppuccin",
        "repo": "nix",
        "type": "github"
      }
    },
    "crane": {
      "inputs": {
        "nixpkgs": [
          "ragenix",
          "nixpkgs"
        ]
      },
      "locked": {
        "lastModified": 1708794349,
        "narHash": "sha256-jX+B1VGHT0ruHHL5RwS8L21R6miBn4B6s9iVyUJsJJY=",
        "owner": "ipetkov",
        "repo": "crane",
        "rev": "2c94ff9a6fbeb9f3ea0107f28688edbe9c81deaa",
        "type": "github"
      },
      "original": {
        "owner": "ipetkov",
        "repo": "crane",
        "type": "github"
      }
    },
    "ctp-discord-compiled": {
      "flake": false,
      "locked": {
        "lastModified": 1702921411,
        "narHash": "sha256-nZyNY4wOpMs2hPfn6ieUSfOqdPUf45VQm8+9mdUIGRg=",
        "owner": "catppuccin",
        "repo": "discord",
        "rev": "9b7e9008c727cd056c20c82eae11471d22efe1e3",
        "type": "github"
      },
      "original": {
        "owner": "catppuccin",
        "ref": "gh-pages",
        "repo": "discord",
        "type": "github"
      }
    },
    "ctp-vscode-compiled": {
      "flake": false,
      "locked": {
        "lastModified": 1704411842,
        "narHash": "sha256-LsXypzhaOKdFuF55xdjIkfcFkCmJWAXIQsDgTrAJSuY=",
        "owner": "catppuccin",
        "repo": "vscode",
        "rev": "75805b74e052fe6673a1bdf3948bfa5b481edb7e",
        "type": "github"
      },
      "original": {
        "owner": "catppuccin",
        "ref": "compiled",
        "repo": "vscode",
        "type": "github"
      }
    },
    "darwin": {
      "inputs": {
        "nixpkgs": [
          "ragenix",
          "agenix",
          "nixpkgs"
        ]
      },
      "locked": {
        "lastModified": 1700795494,
        "narHash": "sha256-gzGLZSiOhf155FW7262kdHo2YDeugp3VuIFb4/GGng0=",
        "owner": "lnl7",
        "repo": "nix-darwin",
        "rev": "4b9b83d5a92e8c1fbfd8eb27eda375908c11ec4d",
        "type": "github"
      },
      "original": {
        "owner": "lnl7",
        "ref": "master",
        "repo": "nix-darwin",
        "type": "github"
      }
    },
    "firefox-addons": {
      "inputs": {
        "flake-utils": [
          "ragenix",
          "flake-utils"
        ],
        "nixpkgs": [
          "nixpkgs"
        ]
      },
      "locked": {
        "dir": "pkgs/firefox-addons",
        "lastModified": 1712599849,
        "narHash": "sha256-ruu2SZCSlm2hYbesJriuPFnC5jx5t9+EeIJfsVGI2a0=",
        "owner": "~rycee",
        "repo": "nur-expressions",
        "rev": "47800ce1e512d0dfb814394f97616cdc0e8ce786",
        "type": "sourcehut"
      },
      "original": {
        "dir": "pkgs/firefox-addons",
        "owner": "~rycee",
        "repo": "nur-expressions",
        "type": "sourcehut"
      }
    },
    "flake-parts": {
      "inputs": {
        "nixpkgs-lib": [
          "nixpkgs"
        ]
      },
      "locked": {
        "lastModified": 1712014858,
        "narHash": "sha256-sB4SWl2lX95bExY2gMFG5HIzvva5AVMJd4Igm+GpZNw=",
        "owner": "hercules-ci",
        "repo": "flake-parts",
        "rev": "9126214d0a59633752a136528f5f3b9aa8565b7d",
        "type": "github"
      },
      "original": {
        "owner": "hercules-ci",
        "repo": "flake-parts",
        "type": "github"
      }
    },
    "flake-utils": {
      "inputs": {
        "systems": "systems_2"
      },
      "locked": {
        "lastModified": 1705309234,
        "narHash": "sha256-uNRRNRKmJyCRC/8y1RqBkqWBLM034y4qN7EprSdmgyA=",
        "owner": "numtide",
        "repo": "flake-utils",
        "rev": "1ef2e671c3b0c19053962c07dbda38332dcebf26",
        "type": "github"
      },
      "original": {
        "owner": "numtide",
        "repo": "flake-utils",
        "type": "github"
      }
    },
    "home-manager": {
      "inputs": {
        "nixpkgs": [
          "nixpkgs"
        ]
      },
      "locked": {
        "lastModified": 1712645849,
        "narHash": "sha256-67v20E0gH7nvAaMsah2oRIocnxGO25fATUyzQHIywxQ=",
        "owner": "nix-community",
        "repo": "home-manager",
        "rev": "40a99619da804a78a0b166e5c6911108c059c3a8",
        "type": "github"
      },
      "original": {
        "owner": "nix-community",
        "repo": "home-manager",
        "type": "github"
      }
    },
    "home-manager_2": {
      "inputs": {
        "nixpkgs": [
          "ragenix",
          "agenix",
          "nixpkgs"
        ]
      },
      "locked": {
        "lastModified": 1703113217,
        "narHash": "sha256-7ulcXOk63TIT2lVDSExj7XzFx09LpdSAPtvgtM7yQPE=",
        "owner": "nix-community",
        "repo": "home-manager",
        "rev": "3bfaacf46133c037bb356193bd2f1765d9dc82c1",
        "type": "github"
      },
      "original": {
        "owner": "nix-community",
        "repo": "home-manager",
        "type": "github"
      }
    },
    "krunner-nix": {
      "inputs": {
        "nixpkgs": [
          "nixpkgs"
        ]
      },
      "locked": {
        "lastModified": 1696278906,
        "narHash": "sha256-z2tbFXMC+nSN7vhn2WSoMVdViolucLeoDSfOfnRcmCE=",
        "owner": "pluiedev",
        "repo": "krunner-nix",
        "rev": "8a819944620db8eab35e7dbb14d1916c9e7a478d",
        "type": "github"
      },
      "original": {
        "owner": "pluiedev",
        "repo": "krunner-nix",
        "type": "github"
      }
    },
    "nix-darwin": {
      "inputs": {
        "nixpkgs": [
          "nixpkgs"
        ]
      },
      "locked": {
        "lastModified": 1711763326,
        "narHash": "sha256-sXcesZWKXFlEQ8oyGHnfk4xc9f2Ip0X/+YZOq3sKviI=",
        "owner": "LnL7",
        "repo": "nix-darwin",
        "rev": "36524adc31566655f2f4d55ad6b875fb5c1a4083",
        "type": "github"
      },
      "original": {
        "owner": "LnL7",
        "repo": "nix-darwin",
        "type": "github"
      }
    },
    "nixos-hardware": {
      "locked": {
        "lastModified": 1712566108,
        "narHash": "sha256-c9nT2ZODGqobISP41kUwCQ84Srwg7a/1TmPFQuol2/8=",
        "owner": "NixOS",
        "repo": "nixos-hardware",
        "rev": "1e3b3a35b7083f4152f5a516798cf9b21e686465",
        "type": "github"
      },
      "original": {
        "owner": "NixOS",
        "ref": "master",
        "repo": "nixos-hardware",
        "type": "github"
      }
    },
    "nixpkgs": {
      "locked": {
        "lastModified": 1712608508,
        "narHash": "sha256-vMZ5603yU0wxgyQeHJryOI+O61yrX2AHwY6LOFyV1gM=",
        "owner": "NixOS",
        "repo": "nixpkgs",
        "rev": "4cba8b53da471aea2ab2b0c1f30a81e7c451f4b6",
        "type": "github"
      },
      "original": {
        "id": "nixpkgs",
        "ref": "nixos-unstable",
        "type": "indirect"
      }
    },
    "plasma-manager": {
      "inputs": {
        "home-manager": [
          "home-manager"
        ],
        "nixpkgs": [
          "nixpkgs"
        ]
      },
      "locked": {
        "lastModified": 1712484920,
        "narHash": "sha256-wNwv12U/QYYgZanycZ32A41cEDa2zPwYuMKK6AJYNJk=",
        "owner": "pjones",
        "repo": "plasma-manager",
        "rev": "4b127a5ede004f5c6d7c41938c2986b599dc0bf3",
        "type": "github"
      },
      "original": {
        "owner": "pjones",
        "repo": "plasma-manager",
        "type": "github"
      }
    },
    "ragenix": {
      "inputs": {
        "agenix": "agenix",
        "crane": "crane",
        "flake-utils": "flake-utils",
        "nixpkgs": [
          "nixpkgs"
        ],
        "rust-overlay": "rust-overlay"
      },
      "locked": {
        "lastModified": 1709831932,
        "narHash": "sha256-WsP8rOFa/SqYNbVtYJ/l2mWWOgyDTJFbITMV8tv0biI=",
        "owner": "yaxitech",
        "repo": "ragenix",
        "rev": "06de099ef02840ec463419f12de73729d458e1eb",
        "type": "github"
      },
      "original": {
        "owner": "yaxitech",
        "repo": "ragenix",
        "type": "github"
      }
    },
    "root": {
      "inputs": {
        "blender-bin": "blender-bin",
        "catppuccin": "catppuccin",
        "ctp-discord-compiled": "ctp-discord-compiled",
        "ctp-vscode-compiled": "ctp-vscode-compiled",
        "firefox-addons": "firefox-addons",
        "flake-parts": "flake-parts",
        "home-manager": "home-manager",
        "krunner-nix": "krunner-nix",
        "nix-darwin": "nix-darwin",
        "nixos-hardware": "nixos-hardware",
        "nixpkgs": "nixpkgs",
        "plasma-manager": "plasma-manager",
        "ragenix": "ragenix",
        "rust-overlay": "rust-overlay_2"
      }
    },
    "rust-overlay": {
      "inputs": {
        "flake-utils": [
          "ragenix",
          "flake-utils"
        ],
        "nixpkgs": [
          "ragenix",
          "nixpkgs"
        ]
      },
      "locked": {
        "lastModified": 1708740535,
        "narHash": "sha256-NCTw235XwSDbeTAtAwg/hOeNOgwYhVq7JjDdbkOgBeA=",
        "owner": "oxalica",
        "repo": "rust-overlay",
        "rev": "9b24383d77f598716fa0cbb8b48c97249f5ee1af",
        "type": "github"
      },
      "original": {
        "owner": "oxalica",
        "repo": "rust-overlay",
        "type": "github"
      }
    },
    "rust-overlay_2": {
      "inputs": {
        "flake-utils": [
          "ragenix",
          "flake-utils"
        ],
        "nixpkgs": [
          "nixpkgs"
        ]
      },
      "locked": {
        "lastModified": 1712628742,
        "narHash": "sha256-FIAlt8mbPUs8jRuh6xpFtYzDsyHzmiLNPcen8HwvD00=",
        "owner": "oxalica",
        "repo": "rust-overlay",
        "rev": "e7354bb9e5f68b2074e272fd5f5ac3f4848860ba",
        "type": "github"
      },
      "original": {
        "owner": "oxalica",
        "repo": "rust-overlay",
        "type": "github"
      }
    },
    "systems": {
      "locked": {
        "lastModified": 1681028828,
        "narHash": "sha256-Vy1rq5AaRuLzOxct8nz4T6wlgyUR7zLU309k9mBC768=",
        "owner": "nix-systems",
        "repo": "default",
        "rev": "da67096a3b9bf56a91d16901293e51ba5b49a27e",
        "type": "github"
      },
      "original": {
        "owner": "nix-systems",
        "repo": "default",
        "type": "github"
      }
    },
    "systems_2": {
      "locked": {
        "lastModified": 1681028828,
        "narHash": "sha256-Vy1rq5AaRuLzOxct8nz4T6wlgyUR7zLU309k9mBC768=",
        "owner": "nix-systems",
        "repo": "default",
        "rev": "da67096a3b9bf56a91d16901293e51ba5b49a27e",
        "type": "github"
      },
      "original": {
        "owner": "nix-systems",
        "repo": "default",
        "type": "github"
      }
    }
  },
  "root": "root",
  "version": 7
}
